{
  "name": "etch-a-sketch",
  "version": "1.0.0",
  "lockfileVersion": 2,
  "requires": true,
  "packages": {
    "": {
      "name": "etch-a-sketch",
      "version": "1.0.0",
      "license": "ISC",
      "dependencies": {
        "dom-to-image-more": "^2.10.1"
      }
    },
    "node_modules/dom-to-image-more": {
      "version": "2.10.1",
      "resolved": "https://registry.npmjs.org/dom-to-image-more/-/dom-to-image-more-2.10.1.tgz",
      "integrity": "sha512-gMG28V47WGj5/xvrsbSPJAWSaV7CBh4teLErn1iGD1sa29HsFsHxvnoLj8VxVvfqnjPgsiUGs2IV2VAxLJGb+A=="
    }
  },
  "dependencies": {
    "dom-to-image-more": {
      "version": "2.10.1",
      "resolved": "https://registry.npmjs.org/dom-to-image-more/-/dom-to-image-more-2.10.1.tgz",
      "integrity": "sha512-gMG28V47WGj5/xvrsbSPJAWSaV7CBh4teLErn1iGD1sa29HsFsHxvnoLj8VxVvfqnjPgsiUGs2IV2VAxLJGb+A=="
    }
  }
}
